
Microsoft Visual Studio Solution File, Format Version 12.00
# Visual Studio 15
VisualStudioVersion = 15.0.28307.421
MinimumVisualStudioVersion = 10.0.40219.1
Project("{D2ABAB84-BF74-430A-B69E-9DC6D40DDA17}") = "ProyectoMultidimensional_PRA3", "ProyectoMultidimensional_PRA3\ProyectoMultidimensional_PRA3.dwproj", "{CAFD0406-69B5-4770-B165-8FB4DE37CEE7}"
EndProject
Global
	GlobalSection(SolutionConfigurationPlatforms) = preSolution
		Development|Default = Development|Default
	EndGlobalSection
	GlobalSection(ProjectConfigurationPlatforms) = postSolution
		{CAFD0406-69B5-4770-B165-8FB4DE37CEE7}.Development|Default.ActiveCfg = Development
		{CAFD0406-69B5-4770-B165-8FB4DE37CEE7}.Development|Default.Build.0 = Development
		{CAFD0406-69B5-4770-B165-8FB4DE37CEE7}.Development|Default.Deploy.0 = Development
	EndGlobalSection
	GlobalSection(SolutionProperties) = preSolution
		HideSolutionNode = FALSE
	EndGlobalSection
	GlobalSection(ExtensibilityGlobals) = postSolution
		SolutionGuid = {F7007F08-4572-49E9-B410-E07869ED43C9}
	EndGlobalSection
EndGlobal
